
Microsoft Visual Studio Solution File, Format Version 12.00
# Visual Studio Version 17
VisualStudioVersion = 17.13.35913.81
MinimumVisualStudioVersion = 10.0.40219.1
Project("{2150E333-8FDC-42A3-9474-1A3956D46DE8}") = "Solution Items", "Solution Items", "{3049502E-2389-4C0B-88EB-485A0C4C79C1}"
	ProjectSection(SolutionItems) = preProject
		CHANGELOG.md = CHANGELOG.md
		README.md = README.md
	EndProjectSection
EndProject
Project("{FAE04EC0-301F-11D3-BF4B-00C04F79EFBC}") = "PoorMansTSqlFormatterLib", "PoorMansTSqlFormatterLib\PoorMansTSqlFormatterLib.csproj", "{ADBDFDCA-CAB6-4569-9151-0BD42E65B400}"
EndProject
Project("{FAE04EC0-301F-11D3-BF4B-00C04F79EFBC}") = "PoorMansTSqlFormatterDemo", "PoorMansTSqlFormatterDemo\PoorMansTSqlFormatterDemo.csproj", "{9C7499A9-0A53-499B-8320-5CF4ECB72683}"
EndProject
Project("{FAE04EC0-301F-11D3-BF4B-00C04F79EFBC}") = "PoorMansTSqlFormatterTests", "PoorMansTSqlFormatterTest\PoorMansTSqlFormatterTests.csproj", "{FBBF4CE8-C24D-4A43-9D8C-B54B2E7E3FB7}"
EndProject
Project("{FAE04EC0-301F-11D3-BF4B-00C04F79EFBC}") = "PoorMansTSqlFormatterWebDemo", "PoorMansTSqlFormatterWebDemo\PoorMansTSqlFormatterWebDemo.csproj", "{13C7C347-4081-41DB-8857-DCD191B37539}"
EndProject
Project("{FAE04EC0-301F-11D3-BF4B-00C04F79EFBC}") = "PoorMansTSqlFormatterSSMSAddIn", "PoorMansTSqlFormatterSSMSAddIn\PoorMansTSqlFormatterSSMSAddIn.csproj", "{BBE30E5A-E867-47BA-92E7-E718AB78CAE1}"
EndProject
Project("{FAE04EC0-301F-11D3-BF4B-00C04F79EFBC}") = "PoorMansTSqlFormatterCmdLine", "PoorMansTSqlFormatterCmdLine\PoorMansTSqlFormatterCmdLine.csproj", "{5FA98EDC-12DA-4580-9845-788590C59922}"
EndProject
Project("{FAE04EC0-301F-11D3-BF4B-00C04F79EFBC}") = "PoorMansTSqlFormatterNppPlugin", "PoorMansTSqlFormatterNppPlugin\PoorMansTSqlFormatterNppPlugin.csproj", "{E56F6E12-089C-40ED-BCFD-923E5FA121A1}"
EndProject
Project("{FAE04EC0-301F-11D3-BF4B-00C04F79EFBC}") = "PoorMansTSqlFormatterPluginShared", "PoorMansTSqlFormatterPluginShared\PoorMansTSqlFormatterPluginShared.csproj", "{4C350944-937B-4416-8442-3197FC7098F2}"
EndProject
Project("{FAE04EC0-301F-11D3-BF4B-00C04F79EFBC}") = "PoorMansTSqlFormatterLib_35", "PoorMansTSqlFormatterLib\PoorMansTSqlFormatterLib_35.csproj", "{DBBDE1C0-D108-4B68-A7D2-C1CE55BBC704}"
EndProject
Project("{54435603-DBB4-11D2-8724-00A0C9A8B90C}") = "PoorMansTSqlFormatterWinMergePlugin.Setup", "PoorMansTSqlFormatterWinMergePlugin.Setup\PoorMansTSqlFormatterWinMergePlugin.Setup.vdproj", "{1DBCA552-F3F0-494C-A678-796A1EEDA724}"
EndProject
Project("{FAE04EC0-301F-11D3-BF4B-00C04F79EFBC}") = "PoorMansTSqlFormatterSSMSLib", "PoorMansTSqlFormatterSSMSLib\PoorMansTSqlFormatterSSMSLib.csproj", "{26FF8D32-886E-426E-A5BA-8AA7D7F14DFA}"
EndProject
Project("{FAE04EC0-301F-11D3-BF4B-00C04F79EFBC}") = "PoorMansTSqlFormatterSSMSPackage", "PoorMansTSqlFormatterSSMSPackage\PoorMansTSqlFormatterSSMSPackage.csproj", "{679B3998-C5A5-4B64-8674-70BE959ACE6E}"
EndProject
Project("{FAE04EC0-301F-11D3-BF4B-00C04F79EFBC}") = "PoorMansTSqlFormatterJSLib", "PoorMansTSqlFormatterJSLib\PoorMansTSqlFormatterJSLib.csproj", "{944E63B9-65A4-4139-BD42-096E1B15EF86}"
EndProject
Project("{930C7802-8A8C-48F9-8165-68863BCCD9DD}") = "PoorMansTSqlFormatterSSMSPackage.Setup", "PoorMansTSqlFormatterSSMSPackage.Setup\PoorMansTSqlFormatterSSMSPackage.Setup.wixproj", "{68BB52F0-B9C6-483D-AC85-0951D2A08918}"
EndProject
Project("{FAE04EC0-301F-11D3-BF4B-00C04F79EFBC}") = "PoorMansTSqlFormatterSSMSPackage.Setup.action", "PoorMansTSqlFormatterSSMSPackage.Setup.action\PoorMansTSqlFormatterSSMSPackage.Setup.action.csproj", "{4DC8B3E3-EBC3-44B2-945B-6C5B7F490F33}"
EndProject
Project("{930C7802-8A8C-48F9-8165-68863BCCD9DD}") = "PoorMansTSqlFormatterSSMSAddIn.Setup", "PoorMansTSqlFormatterSSMSAddIn.Setup\PoorMansTSqlFormatterSSMSAddIn.Setup.wixproj", "{B390D318-1D55-47AE-A95A-D9FAA9B44DD9}"
EndProject
Project("{FAE04EC0-301F-11D3-BF4B-00C04F79EFBC}") = "PoorMansTSqlFormatterSSMSAddIn.Setup.action", "PoorMansTSqlFormatterSSMSAddIn.Setup.action\PoorMansTSqlFormatterSSMSAddIn.Setup.action.csproj", "{604AEB5D-45FB-4959-B1B9-DC6D310A8F40}"
EndProject
Project("{FAE04EC0-301F-11D3-BF4B-00C04F79EFBC}") = "PoorMansTSqlFormatterVSPackage2013", "PoorMansTSqlFormatterVSPackage2013\PoorMansTSqlFormatterVSPackage2013.csproj", "{B1175A57-8B7B-4B8D-ACE0-3597B6B729F8}"
EndProject
Project("{FAE04EC0-301F-11D3-BF4B-00C04F79EFBC}") = "PoorMansTSqlFormatterVSPackage2019", "PoorMansTSqlFormatterVSPackage2019\PoorMansTSqlFormatterVSPackage2019.csproj", "{A160C033-3357-4BBB-9BF6-7B7D9971AD65}"
EndProject
Project("{FAE04EC0-301F-11D3-BF4B-00C04F79EFBC}") = "PoorMansTSqlFormatterSSMSPackage20", "PoorMansTSqlFormatterSSMSPackage20\PoorMansTSqlFormatterSSMSPackage20.csproj", "{B8F507BF-CEEF-4833-9EED-83C36D954C06}"
EndProject
Project("{B7DD6F7E-DEF8-4E67-B5B7-07EF123DB6F0}") = "PoorMansTSqlFormatterSSMSPackage20.Setup", "PoorMansTSqlFormatterSSMSPackage20.Setup\PoorMansTSqlFormatterSSMSPackage20.Setup.wixproj", "{D0892414-F0B9-4874-AFB9-D7A86906CD2F}"
EndProject
Project("{FAE04EC0-301F-11D3-BF4B-00C04F79EFBC}") = "PoorMansTSqlFormatterLib_40", "PoorMansTSqlFormatterLib\PoorMansTSqlFormatterLib_40.csproj", "{18E3664A-3033-4FFA-BEC3-5D8788F6535A}"
EndProject
Project("{FAE04EC0-301F-11D3-BF4B-00C04F79EFBC}") = "PoorMansTSqlFormatterPlugin40", "PoorMansTSqlFormatterPluginShared\PoorMansTSqlFormatterPlugin40.csproj", "{670BBBC3-180F-4B1A-AA7B-DE3F1739B1A2}"
EndProject
Project("{FAE04EC0-301F-11D3-BF4B-00C04F79EFBC}") = "PoorMansTSqlFormatterSSMSPackage20.Setup.action", "PoorMansTSqlFormatterSSMSPackage20.Setup.action\PoorMansTSqlFormatterSSMSPackage20.Setup.action.csproj", "{3EA82DD0-C3AC-43F9-BA08-A9D46E1B3CB9}"
EndProject
Project("{FAE04EC0-301F-11D3-BF4B-00C04F79EFBC}") = "PoorMansTSqlFormatterSSMSPackage21", "PoorMansTSqlFormatterSSMSPackage21\PoorMansTSqlFormatterSSMSPackage21.csproj", "{B4CC666F-6528-47AB-890A-4A58B027CE1F}"
EndProject
Project("{FAE04EC0-301F-11D3-BF4B-00C04F79EFBC}") = "PoorMansTSqlFormatterSSMSLib.SDK17", "PoorMansTSqlFormatterSSMSLib\PoorMansTSqlFormatterSSMSLib.SDK17.csproj", "{67A9E852-9646-4AF7-B211-72C06AEAE313}"
EndProject
Project("{FAE04EC0-301F-11D3-BF4B-00C04F79EFBC}") = "PoorMansTSqlFormatterSSMSPackage21.Setup.action", "PoorMansTSqlFormatterSSMSPackage21.Setup.action\PoorMansTSqlFormatterSSMSPackage21.Setup.action.csproj", "{0490C826-214E-8FF1-CC18-85ECC37A3691}"
EndProject
Project("{B7DD6F7E-DEF8-4E67-B5B7-07EF123DB6F0}") = "PoorMansTSqlFormatterSSMSPackage21.Setup", "PoorMansTSqlFormatterSSMSPackage21.Setup\PoorMansTSqlFormatterSSMSPackage21.Setup.wixproj", "{E4536922-0831-D8FA-673B-223657C2C41F}"
EndProject
Global
	GlobalSection(SolutionConfigurationPlatforms) = preSolution
		Debug|ARM64 = Debug|ARM64
		Debug|PureDotNet = Debug|PureDotNet
		Debug|x64 = Debug|x64
		Debug|x86 = Debug|x86
		Release|ARM64 = Release|ARM64
		Release|PureDotNet = Release|PureDotNet
		Release|x64 = Release|x64
		Release|x86 = Release|x86
	EndGlobalSection
	GlobalSection(ProjectConfigurationPlatforms) = postSolution
		{ADBDFDCA-CAB6-4569-9151-0BD42E65B400}.Debug|ARM64.ActiveCfg = Debug|Any CPU
		{ADBDFDCA-CAB6-4569-9151-0BD42E65B400}.Debug|ARM64.Build.0 = Debug|Any CPU
		{ADBDFDCA-CAB6-4569-9151-0BD42E65B400}.Debug|PureDotNet.ActiveCfg = Debug|Any CPU
		{ADBDFDCA-CAB6-4569-9151-0BD42E65B400}.Debug|PureDotNet.Build.0 = Debug|Any CPU
		{ADBDFDCA-CAB6-4569-9151-0BD42E65B400}.Debug|x64.ActiveCfg = Debug|Any CPU
		{ADBDFDCA-CAB6-4569-9151-0BD42E65B400}.Debug|x64.Build.0 = Debug|Any CPU
		{ADBDFDCA-CAB6-4569-9151-0BD42E65B400}.Debug|x86.ActiveCfg = Debug|Any CPU
		{ADBDFDCA-CAB6-4569-9151-0BD42E65B400}.Debug|x86.Build.0 = Debug|Any CPU
		{ADBDFDCA-CAB6-4569-9151-0BD42E65B400}.Release|ARM64.ActiveCfg = Release|Any CPU
		{ADBDFDCA-CAB6-4569-9151-0BD42E65B400}.Release|ARM64.Build.0 = Release|Any CPU
		{ADBDFDCA-CAB6-4569-9151-0BD42E65B400}.Release|PureDotNet.ActiveCfg = Release|Any CPU
		{ADBDFDCA-CAB6-4569-9151-0BD42E65B400}.Release|PureDotNet.Build.0 = Release|Any CPU
		{ADBDFDCA-CAB6-4569-9151-0BD42E65B400}.Release|x64.ActiveCfg = Release|Any CPU
		{ADBDFDCA-CAB6-4569-9151-0BD42E65B400}.Release|x64.Build.0 = Release|Any CPU
		{ADBDFDCA-CAB6-4569-9151-0BD42E65B400}.Release|x86.ActiveCfg = Release|Any CPU
		{ADBDFDCA-CAB6-4569-9151-0BD42E65B400}.Release|x86.Build.0 = Release|Any CPU
		{9C7499A9-0A53-499B-8320-5CF4ECB72683}.Debug|ARM64.ActiveCfg = Debug|Any CPU
		{9C7499A9-0A53-499B-8320-5CF4ECB72683}.Debug|ARM64.Build.0 = Debug|Any CPU
		{9C7499A9-0A53-499B-8320-5CF4ECB72683}.Debug|PureDotNet.ActiveCfg = Debug|Any CPU
		{9C7499A9-0A53-499B-8320-5CF4ECB72683}.Debug|PureDotNet.Build.0 = Debug|Any CPU
		{9C7499A9-0A53-499B-8320-5CF4ECB72683}.Debug|x64.ActiveCfg = Debug|Any CPU
		{9C7499A9-0A53-499B-8320-5CF4ECB72683}.Debug|x86.ActiveCfg = Debug|Any CPU
		{9C7499A9-0A53-499B-8320-5CF4ECB72683}.Release|ARM64.ActiveCfg = Release|Any CPU
		{9C7499A9-0A53-499B-8320-5CF4ECB72683}.Release|ARM64.Build.0 = Release|Any CPU
		{9C7499A9-0A53-499B-8320-5CF4ECB72683}.Release|PureDotNet.ActiveCfg = Release|Any CPU
		{9C7499A9-0A53-499B-8320-5CF4ECB72683}.Release|PureDotNet.Build.0 = Release|Any CPU
		{9C7499A9-0A53-499B-8320-5CF4ECB72683}.Release|x64.ActiveCfg = Release|Any CPU
		{9C7499A9-0A53-499B-8320-5CF4ECB72683}.Release|x86.ActiveCfg = Release|Any CPU
		{FBBF4CE8-C24D-4A43-9D8C-B54B2E7E3FB7}.Debug|ARM64.ActiveCfg = Debug|Any CPU
		{FBBF4CE8-C24D-4A43-9D8C-B54B2E7E3FB7}.Debug|ARM64.Build.0 = Debug|Any CPU
		{FBBF4CE8-C24D-4A43-9D8C-B54B2E7E3FB7}.Debug|PureDotNet.ActiveCfg = Debug|Any CPU
		{FBBF4CE8-C24D-4A43-9D8C-B54B2E7E3FB7}.Debug|PureDotNet.Build.0 = Debug|Any CPU
		{FBBF4CE8-C24D-4A43-9D8C-B54B2E7E3FB7}.Debug|x64.ActiveCfg = Debug|Any CPU
		{FBBF4CE8-C24D-4A43-9D8C-B54B2E7E3FB7}.Debug|x86.ActiveCfg = Debug|Any CPU
		{FBBF4CE8-C24D-4A43-9D8C-B54B2E7E3FB7}.Release|ARM64.ActiveCfg = Release|Any CPU
		{FBBF4CE8-C24D-4A43-9D8C-B54B2E7E3FB7}.Release|ARM64.Build.0 = Release|Any CPU
		{FBBF4CE8-C24D-4A43-9D8C-B54B2E7E3FB7}.Release|PureDotNet.ActiveCfg = Release|Any CPU
		{FBBF4CE8-C24D-4A43-9D8C-B54B2E7E3FB7}.Release|PureDotNet.Build.0 = Release|Any CPU
		{FBBF4CE8-C24D-4A43-9D8C-B54B2E7E3FB7}.Release|x64.ActiveCfg = Release|Any CPU
		{FBBF4CE8-C24D-4A43-9D8C-B54B2E7E3FB7}.Release|x86.ActiveCfg = Release|Any CPU
		{13C7C347-4081-41DB-8857-DCD191B37539}.Debug|ARM64.ActiveCfg = Debug|Any CPU
		{13C7C347-4081-41DB-8857-DCD191B37539}.Debug|ARM64.Build.0 = Debug|Any CPU
		{13C7C347-4081-41DB-8857-DCD191B37539}.Debug|PureDotNet.ActiveCfg = Debug|Any CPU
		{13C7C347-4081-41DB-8857-DCD191B37539}.Debug|PureDotNet.Build.0 = Debug|Any CPU
		{13C7C347-4081-41DB-8857-DCD191B37539}.Debug|x64.ActiveCfg = Debug|Any CPU
		{13C7C347-4081-41DB-8857-DCD191B37539}.Debug|x86.ActiveCfg = Debug|Any CPU
		{13C7C347-4081-41DB-8857-DCD191B37539}.Release|ARM64.ActiveCfg = Release|Any CPU
		{13C7C347-4081-41DB-8857-DCD191B37539}.Release|ARM64.Build.0 = Release|Any CPU
		{13C7C347-4081-41DB-8857-DCD191B37539}.Release|PureDotNet.ActiveCfg = Release|Any CPU
		{13C7C347-4081-41DB-8857-DCD191B37539}.Release|PureDotNet.Build.0 = Release|Any CPU
		{13C7C347-4081-41DB-8857-DCD191B37539}.Release|x64.ActiveCfg = Release|Any CPU
		{13C7C347-4081-41DB-8857-DCD191B37539}.Release|x86.ActiveCfg = Release|Any CPU
		{BBE30E5A-E867-47BA-92E7-E718AB78CAE1}.Debug|ARM64.ActiveCfg = Debug|Any CPU
		{BBE30E5A-E867-47BA-92E7-E718AB78CAE1}.Debug|ARM64.Build.0 = Debug|Any CPU
		{BBE30E5A-E867-47BA-92E7-E718AB78CAE1}.Debug|PureDotNet.ActiveCfg = Debug|Any CPU
		{BBE30E5A-E867-47BA-92E7-E718AB78CAE1}.Debug|PureDotNet.Build.0 = Debug|Any CPU
		{BBE30E5A-E867-47BA-92E7-E718AB78CAE1}.Debug|x64.ActiveCfg = Debug|Any CPU
		{BBE30E5A-E867-47BA-92E7-E718AB78CAE1}.Debug|x86.ActiveCfg = Debug|Any CPU
		{BBE30E5A-E867-47BA-92E7-E718AB78CAE1}.Debug|x86.Build.0 = Debug|Any CPU
		{BBE30E5A-E867-47BA-92E7-E718AB78CAE1}.Release|ARM64.ActiveCfg = Release|Any CPU
		{BBE30E5A-E867-47BA-92E7-E718AB78CAE1}.Release|ARM64.Build.0 = Release|Any CPU
		{BBE30E5A-E867-47BA-92E7-E718AB78CAE1}.Release|PureDotNet.ActiveCfg = Release|Any CPU
		{BBE30E5A-E867-47BA-92E7-E718AB78CAE1}.Release|PureDotNet.Build.0 = Release|Any CPU
		{BBE30E5A-E867-47BA-92E7-E718AB78CAE1}.Release|x64.ActiveCfg = Release|Any CPU
		{BBE30E5A-E867-47BA-92E7-E718AB78CAE1}.Release|x86.ActiveCfg = Release|Any CPU
		{BBE30E5A-E867-47BA-92E7-E718AB78CAE1}.Release|x86.Build.0 = Release|Any CPU
		{5FA98EDC-12DA-4580-9845-788590C59922}.Debug|ARM64.ActiveCfg = Debug|Any CPU
		{5FA98EDC-12DA-4580-9845-788590C59922}.Debug|ARM64.Build.0 = Debug|Any CPU
		{5FA98EDC-12DA-4580-9845-788590C59922}.Debug|PureDotNet.ActiveCfg = Debug|Any CPU
		{5FA98EDC-12DA-4580-9845-788590C59922}.Debug|PureDotNet.Build.0 = Debug|Any CPU
		{5FA98EDC-12DA-4580-9845-788590C59922}.Debug|x64.ActiveCfg = Debug|Any CPU
		{5FA98EDC-12DA-4580-9845-788590C59922}.Debug|x86.ActiveCfg = Debug|Any CPU
		{5FA98EDC-12DA-4580-9845-788590C59922}.Release|ARM64.ActiveCfg = Release|Any CPU
		{5FA98EDC-12DA-4580-9845-788590C59922}.Release|ARM64.Build.0 = Release|Any CPU
		{5FA98EDC-12DA-4580-9845-788590C59922}.Release|PureDotNet.ActiveCfg = Release|Any CPU
		{5FA98EDC-12DA-4580-9845-788590C59922}.Release|PureDotNet.Build.0 = Release|Any CPU
		{5FA98EDC-12DA-4580-9845-788590C59922}.Release|x64.ActiveCfg = Release|Any CPU
		{5FA98EDC-12DA-4580-9845-788590C59922}.Release|x86.ActiveCfg = Release|Any CPU
		{E56F6E12-089C-40ED-BCFD-923E5FA121A1}.Debug|ARM64.ActiveCfg = Debug|x64
		{E56F6E12-089C-40ED-BCFD-923E5FA121A1}.Debug|ARM64.Build.0 = Debug|x64
		{E56F6E12-089C-40ED-BCFD-923E5FA121A1}.Debug|PureDotNet.ActiveCfg = Debug|x86
		{E56F6E12-089C-40ED-BCFD-923E5FA121A1}.Debug|x64.ActiveCfg = Debug|x64
		{E56F6E12-089C-40ED-BCFD-923E5FA121A1}.Debug|x64.Build.0 = Debug|x64
		{E56F6E12-089C-40ED-BCFD-923E5FA121A1}.Debug|x86.ActiveCfg = Debug|x86
		{E56F6E12-089C-40ED-BCFD-923E5FA121A1}.Debug|x86.Build.0 = Debug|x86
		{E56F6E12-089C-40ED-BCFD-923E5FA121A1}.Release|ARM64.ActiveCfg = Release|x64
		{E56F6E12-089C-40ED-BCFD-923E5FA121A1}.Release|ARM64.Build.0 = Release|x64
		{E56F6E12-089C-40ED-BCFD-923E5FA121A1}.Release|PureDotNet.ActiveCfg = Release|x86
		{E56F6E12-089C-40ED-BCFD-923E5FA121A1}.Release|x64.ActiveCfg = Release|x64
		{E56F6E12-089C-40ED-BCFD-923E5FA121A1}.Release|x64.Build.0 = Release|x64
		{E56F6E12-089C-40ED-BCFD-923E5FA121A1}.Release|x86.ActiveCfg = Release|x86
		{E56F6E12-089C-40ED-BCFD-923E5FA121A1}.Release|x86.Build.0 = Release|x86
		{4C350944-937B-4416-8442-3197FC7098F2}.Debug|ARM64.ActiveCfg = Debug|Any CPU
		{4C350944-937B-4416-8442-3197FC7098F2}.Debug|ARM64.Build.0 = Debug|Any CPU
		{4C350944-937B-4416-8442-3197FC7098F2}.Debug|PureDotNet.ActiveCfg = Debug|Any CPU
		{4C350944-937B-4416-8442-3197FC7098F2}.Debug|PureDotNet.Build.0 = Debug|Any CPU
		{4C350944-937B-4416-8442-3197FC7098F2}.Debug|x64.ActiveCfg = Debug|Any CPU
		{4C350944-937B-4416-8442-3197FC7098F2}.Debug|x64.Build.0 = Debug|Any CPU
		{4C350944-937B-4416-8442-3197FC7098F2}.Debug|x86.ActiveCfg = Debug|Any CPU
		{4C350944-937B-4416-8442-3197FC7098F2}.Debug|x86.Build.0 = Debug|Any CPU
		{4C350944-937B-4416-8442-3197FC7098F2}.Release|ARM64.ActiveCfg = Release|Any CPU
		{4C350944-937B-4416-8442-3197FC7098F2}.Release|ARM64.Build.0 = Release|Any CPU
		{4C350944-937B-4416-8442-3197FC7098F2}.Release|PureDotNet.ActiveCfg = Release|Any CPU
		{4C350944-937B-4416-8442-3197FC7098F2}.Release|PureDotNet.Build.0 = Release|Any CPU
		{4C350944-937B-4416-8442-3197FC7098F2}.Release|x64.ActiveCfg = Release|Any CPU
		{4C350944-937B-4416-8442-3197FC7098F2}.Release|x64.Build.0 = Release|Any CPU
		{4C350944-937B-4416-8442-3197FC7098F2}.Release|x86.ActiveCfg = Release|Any CPU
		{4C350944-937B-4416-8442-3197FC7098F2}.Release|x86.Build.0 = Release|Any CPU
		{DBBDE1C0-D108-4B68-A7D2-C1CE55BBC704}.Debug|ARM64.ActiveCfg = Debug|Any CPU
		{DBBDE1C0-D108-4B68-A7D2-C1CE55BBC704}.Debug|ARM64.Build.0 = Debug|Any CPU
		{DBBDE1C0-D108-4B68-A7D2-C1CE55BBC704}.Debug|PureDotNet.ActiveCfg = Debug|Any CPU
		{DBBDE1C0-D108-4B68-A7D2-C1CE55BBC704}.Debug|PureDotNet.Build.0 = Debug|Any CPU
		{DBBDE1C0-D108-4B68-A7D2-C1CE55BBC704}.Debug|x64.ActiveCfg = Debug|Any CPU
		{DBBDE1C0-D108-4B68-A7D2-C1CE55BBC704}.Debug|x86.ActiveCfg = Debug|Any CPU
		{DBBDE1C0-D108-4B68-A7D2-C1CE55BBC704}.Release|ARM64.ActiveCfg = Release|Any CPU
		{DBBDE1C0-D108-4B68-A7D2-C1CE55BBC704}.Release|ARM64.Build.0 = Release|Any CPU
		{DBBDE1C0-D108-4B68-A7D2-C1CE55BBC704}.Release|PureDotNet.ActiveCfg = Release|Any CPU
		{DBBDE1C0-D108-4B68-A7D2-C1CE55BBC704}.Release|PureDotNet.Build.0 = Release|Any CPU
		{DBBDE1C0-D108-4B68-A7D2-C1CE55BBC704}.Release|x64.ActiveCfg = Release|Any CPU
		{DBBDE1C0-D108-4B68-A7D2-C1CE55BBC704}.Release|x86.ActiveCfg = Release|Any CPU
		{1DBCA552-F3F0-494C-A678-796A1EEDA724}.Debug|ARM64.ActiveCfg = Debug
		{1DBCA552-F3F0-494C-A678-796A1EEDA724}.Debug|ARM64.Build.0 = Debug
		{1DBCA552-F3F0-494C-A678-796A1EEDA724}.Debug|PureDotNet.ActiveCfg = Debug
		{1DBCA552-F3F0-494C-A678-796A1EEDA724}.Debug|x64.ActiveCfg = Debug
		{1DBCA552-F3F0-494C-A678-796A1EEDA724}.Debug|x86.ActiveCfg = Debug
		{1DBCA552-F3F0-494C-A678-796A1EEDA724}.Release|ARM64.ActiveCfg = Release
		{1DBCA552-F3F0-494C-A678-796A1EEDA724}.Release|ARM64.Build.0 = Release
		{1DBCA552-F3F0-494C-A678-796A1EEDA724}.Release|PureDotNet.ActiveCfg = Release
		{1DBCA552-F3F0-494C-A678-796A1EEDA724}.Release|x64.ActiveCfg = Release
		{1DBCA552-F3F0-494C-A678-796A1EEDA724}.Release|x86.ActiveCfg = Release
		{26FF8D32-886E-426E-A5BA-8AA7D7F14DFA}.Debug|ARM64.ActiveCfg = Debug|Any CPU
		{26FF8D32-886E-426E-A5BA-8AA7D7F14DFA}.Debug|ARM64.Build.0 = Debug|Any CPU
		{26FF8D32-886E-426E-A5BA-8AA7D7F14DFA}.Debug|PureDotNet.ActiveCfg = Debug|Any CPU
		{26FF8D32-886E-426E-A5BA-8AA7D7F14DFA}.Debug|PureDotNet.Build.0 = Debug|Any CPU
		{26FF8D32-886E-426E-A5BA-8AA7D7F14DFA}.Debug|x64.ActiveCfg = Debug|Any CPU
		{26FF8D32-886E-426E-A5BA-8AA7D7F14DFA}.Debug|x86.ActiveCfg = Debug|Any CPU
		{26FF8D32-886E-426E-A5BA-8AA7D7F14DFA}.Debug|x86.Build.0 = Debug|Any CPU
		{26FF8D32-886E-426E-A5BA-8AA7D7F14DFA}.Release|ARM64.ActiveCfg = Release|Any CPU
		{26FF8D32-886E-426E-A5BA-8AA7D7F14DFA}.Release|ARM64.Build.0 = Release|Any CPU
		{26FF8D32-886E-426E-A5BA-8AA7D7F14DFA}.Release|PureDotNet.ActiveCfg = Release|Any CPU
		{26FF8D32-886E-426E-A5BA-8AA7D7F14DFA}.Release|PureDotNet.Build.0 = Release|Any CPU
		{26FF8D32-886E-426E-A5BA-8AA7D7F14DFA}.Release|x64.ActiveCfg = Release|Any CPU
		{26FF8D32-886E-426E-A5BA-8AA7D7F14DFA}.Release|x86.ActiveCfg = Release|Any CPU
		{26FF8D32-886E-426E-A5BA-8AA7D7F14DFA}.Release|x86.Build.0 = Release|Any CPU
		{679B3998-C5A5-4B64-8674-70BE959ACE6E}.Debug|ARM64.ActiveCfg = Debug|Any CPU
		{679B3998-C5A5-4B64-8674-70BE959ACE6E}.Debug|PureDotNet.ActiveCfg = Debug|Any CPU
		{679B3998-C5A5-4B64-8674-70BE959ACE6E}.Debug|PureDotNet.Build.0 = Debug|Any CPU
		{679B3998-C5A5-4B64-8674-70BE959ACE6E}.Debug|x64.ActiveCfg = Debug|Any CPU
		{679B3998-C5A5-4B64-8674-70BE959ACE6E}.Debug|x86.ActiveCfg = Debug|Any CPU
		{679B3998-C5A5-4B64-8674-70BE959ACE6E}.Debug|x86.Build.0 = Debug|Any CPU
		{679B3998-C5A5-4B64-8674-70BE959ACE6E}.Release|ARM64.ActiveCfg = Release|Any CPU
		{679B3998-C5A5-4B64-8674-70BE959ACE6E}.Release|PureDotNet.ActiveCfg = Release|Any CPU
		{679B3998-C5A5-4B64-8674-70BE959ACE6E}.Release|PureDotNet.Build.0 = Release|Any CPU
		{679B3998-C5A5-4B64-8674-70BE959ACE6E}.Release|x64.ActiveCfg = Release|Any CPU
		{679B3998-C5A5-4B64-8674-70BE959ACE6E}.Release|x86.ActiveCfg = Release|Any CPU
		{679B3998-C5A5-4B64-8674-70BE959ACE6E}.Release|x86.Build.0 = Release|Any CPU
		{944E63B9-65A4-4139-BD42-096E1B15EF86}.Debug|ARM64.ActiveCfg = Debug|Any CPU
		{944E63B9-65A4-4139-BD42-096E1B15EF86}.Debug|ARM64.Build.0 = Debug|Any CPU
		{944E63B9-65A4-4139-BD42-096E1B15EF86}.Debug|PureDotNet.ActiveCfg = Debug|Any CPU
		{944E63B9-65A4-4139-BD42-096E1B15EF86}.Debug|PureDotNet.Build.0 = Debug|Any CPU
		{944E63B9-65A4-4139-BD42-096E1B15EF86}.Debug|x64.ActiveCfg = Debug|Any CPU
		{944E63B9-65A4-4139-BD42-096E1B15EF86}.Debug|x86.ActiveCfg = Debug|Any CPU
		{944E63B9-65A4-4139-BD42-096E1B15EF86}.Release|ARM64.ActiveCfg = Release|Any CPU
		{944E63B9-65A4-4139-BD42-096E1B15EF86}.Release|ARM64.Build.0 = Release|Any CPU
		{944E63B9-65A4-4139-BD42-096E1B15EF86}.Release|PureDotNet.ActiveCfg = Release|Any CPU
		{944E63B9-65A4-4139-BD42-096E1B15EF86}.Release|PureDotNet.Build.0 = Release|Any CPU
		{944E63B9-65A4-4139-BD42-096E1B15EF86}.Release|x64.ActiveCfg = Release|Any CPU
		{944E63B9-65A4-4139-BD42-096E1B15EF86}.Release|x86.ActiveCfg = Release|Any CPU
		{68BB52F0-B9C6-483D-AC85-0951D2A08918}.Debug|ARM64.ActiveCfg = Debug|x86
		{68BB52F0-B9C6-483D-AC85-0951D2A08918}.Debug|PureDotNet.ActiveCfg = Debug|x86
		{68BB52F0-B9C6-483D-AC85-0951D2A08918}.Debug|x64.ActiveCfg = Debug|x86
		{68BB52F0-B9C6-483D-AC85-0951D2A08918}.Debug|x86.ActiveCfg = Debug|x86
		{68BB52F0-B9C6-483D-AC85-0951D2A08918}.Debug|x86.Build.0 = Debug|x86
		{68BB52F0-B9C6-483D-AC85-0951D2A08918}.Release|ARM64.ActiveCfg = Release|x86
		{68BB52F0-B9C6-483D-AC85-0951D2A08918}.Release|PureDotNet.ActiveCfg = Release|x86
		{68BB52F0-B9C6-483D-AC85-0951D2A08918}.Release|x64.ActiveCfg = Release|x86
		{68BB52F0-B9C6-483D-AC85-0951D2A08918}.Release|x86.ActiveCfg = Release|x86
		{68BB52F0-B9C6-483D-AC85-0951D2A08918}.Release|x86.Build.0 = Release|x86
		{4DC8B3E3-EBC3-44B2-945B-6C5B7F490F33}.Debug|ARM64.ActiveCfg = Debug|Any CPU
		{4DC8B3E3-EBC3-44B2-945B-6C5B7F490F33}.Debug|ARM64.Build.0 = Debug|Any CPU
		{4DC8B3E3-EBC3-44B2-945B-6C5B7F490F33}.Debug|PureDotNet.ActiveCfg = Debug|Any CPU
		{4DC8B3E3-EBC3-44B2-945B-6C5B7F490F33}.Debug|PureDotNet.Build.0 = Debug|Any CPU
		{4DC8B3E3-EBC3-44B2-945B-6C5B7F490F33}.Debug|x64.ActiveCfg = Debug|Any CPU
		{4DC8B3E3-EBC3-44B2-945B-6C5B7F490F33}.Debug|x86.ActiveCfg = Debug|Any CPU
		{4DC8B3E3-EBC3-44B2-945B-6C5B7F490F33}.Debug|x86.Build.0 = Debug|Any CPU
		{4DC8B3E3-EBC3-44B2-945B-6C5B7F490F33}.Release|ARM64.ActiveCfg = Release|Any CPU
		{4DC8B3E3-EBC3-44B2-945B-6C5B7F490F33}.Release|ARM64.Build.0 = Release|Any CPU
		{4DC8B3E3-EBC3-44B2-945B-6C5B7F490F33}.Release|PureDotNet.ActiveCfg = Release|Any CPU
		{4DC8B3E3-EBC3-44B2-945B-6C5B7F490F33}.Release|PureDotNet.Build.0 = Release|Any CPU
		{4DC8B3E3-EBC3-44B2-945B-6C5B7F490F33}.Release|x64.ActiveCfg = Release|Any CPU
		{4DC8B3E3-EBC3-44B2-945B-6C5B7F490F33}.Release|x86.ActiveCfg = Release|Any CPU
		{4DC8B3E3-EBC3-44B2-945B-6C5B7F490F33}.Release|x86.Build.0 = Release|Any CPU
		{B390D318-1D55-47AE-A95A-D9FAA9B44DD9}.Debug|ARM64.ActiveCfg = Debug|x86
		{B390D318-1D55-47AE-A95A-D9FAA9B44DD9}.Debug|PureDotNet.ActiveCfg = Debug|x86
		{B390D318-1D55-47AE-A95A-D9FAA9B44DD9}.Debug|x64.ActiveCfg = Debug|x86
		{B390D318-1D55-47AE-A95A-D9FAA9B44DD9}.Debug|x86.ActiveCfg = Debug|x86
		{B390D318-1D55-47AE-A95A-D9FAA9B44DD9}.Debug|x86.Build.0 = Debug|x86
		{B390D318-1D55-47AE-A95A-D9FAA9B44DD9}.Release|ARM64.ActiveCfg = Release|x86
		{B390D318-1D55-47AE-A95A-D9FAA9B44DD9}.Release|PureDotNet.ActiveCfg = Release|x86
		{B390D318-1D55-47AE-A95A-D9FAA9B44DD9}.Release|x64.ActiveCfg = Release|x86
		{B390D318-1D55-47AE-A95A-D9FAA9B44DD9}.Release|x86.ActiveCfg = Release|x86
		{B390D318-1D55-47AE-A95A-D9FAA9B44DD9}.Release|x86.Build.0 = Release|x86
		{604AEB5D-45FB-4959-B1B9-DC6D310A8F40}.Debug|ARM64.ActiveCfg = Debug|Any CPU
		{604AEB5D-45FB-4959-B1B9-DC6D310A8F40}.Debug|ARM64.Build.0 = Debug|Any CPU
		{604AEB5D-45FB-4959-B1B9-DC6D310A8F40}.Debug|PureDotNet.ActiveCfg = Debug|Any CPU
		{604AEB5D-45FB-4959-B1B9-DC6D310A8F40}.Debug|PureDotNet.Build.0 = Debug|Any CPU
		{604AEB5D-45FB-4959-B1B9-DC6D310A8F40}.Debug|x64.ActiveCfg = Debug|Any CPU
		{604AEB5D-45FB-4959-B1B9-DC6D310A8F40}.Debug|x86.ActiveCfg = Debug|Any CPU
		{604AEB5D-45FB-4959-B1B9-DC6D310A8F40}.Debug|x86.Build.0 = Debug|Any CPU
		{604AEB5D-45FB-4959-B1B9-DC6D310A8F40}.Release|ARM64.ActiveCfg = Release|Any CPU
		{604AEB5D-45FB-4959-B1B9-DC6D310A8F40}.Release|ARM64.Build.0 = Release|Any CPU
		{604AEB5D-45FB-4959-B1B9-DC6D310A8F40}.Release|PureDotNet.ActiveCfg = Release|Any CPU
		{604AEB5D-45FB-4959-B1B9-DC6D310A8F40}.Release|PureDotNet.Build.0 = Release|Any CPU
		{604AEB5D-45FB-4959-B1B9-DC6D310A8F40}.Release|x64.ActiveCfg = Release|Any CPU
		{604AEB5D-45FB-4959-B1B9-DC6D310A8F40}.Release|x86.ActiveCfg = Release|Any CPU
		{604AEB5D-45FB-4959-B1B9-DC6D310A8F40}.Release|x86.Build.0 = Release|Any CPU
		{B1175A57-8B7B-4B8D-ACE0-3597B6B729F8}.Debug|ARM64.ActiveCfg = Debug|arm64
		{B1175A57-8B7B-4B8D-ACE0-3597B6B729F8}.Debug|ARM64.Build.0 = Debug|arm64
		{B1175A57-8B7B-4B8D-ACE0-3597B6B729F8}.Debug|PureDotNet.ActiveCfg = Debug|Any CPU
		{B1175A57-8B7B-4B8D-ACE0-3597B6B729F8}.Debug|PureDotNet.Build.0 = Debug|Any CPU
		{B1175A57-8B7B-4B8D-ACE0-3597B6B729F8}.Debug|x64.ActiveCfg = Debug|Any CPU
		{B1175A57-8B7B-4B8D-ACE0-3597B6B729F8}.Debug|x86.ActiveCfg = Debug|Any CPU
		{B1175A57-8B7B-4B8D-ACE0-3597B6B729F8}.Debug|x86.Build.0 = Debug|Any CPU
		{B1175A57-8B7B-4B8D-ACE0-3597B6B729F8}.Release|ARM64.ActiveCfg = Release|arm64
		{B1175A57-8B7B-4B8D-ACE0-3597B6B729F8}.Release|ARM64.Build.0 = Release|arm64
		{B1175A57-8B7B-4B8D-ACE0-3597B6B729F8}.Release|PureDotNet.ActiveCfg = Release|Any CPU
		{B1175A57-8B7B-4B8D-ACE0-3597B6B729F8}.Release|PureDotNet.Build.0 = Release|Any CPU
		{B1175A57-8B7B-4B8D-ACE0-3597B6B729F8}.Release|x64.ActiveCfg = Release|Any CPU
		{B1175A57-8B7B-4B8D-ACE0-3597B6B729F8}.Release|x86.ActiveCfg = Release|Any CPU
		{B1175A57-8B7B-4B8D-ACE0-3597B6B729F8}.Release|x86.Build.0 = Release|Any CPU
		{A160C033-3357-4BBB-9BF6-7B7D9971AD65}.Debug|ARM64.ActiveCfg = Debug|Any CPU
		{A160C033-3357-4BBB-9BF6-7B7D9971AD65}.Debug|PureDotNet.ActiveCfg = Debug|Any CPU
		{A160C033-3357-4BBB-9BF6-7B7D9971AD65}.Debug|PureDotNet.Build.0 = Debug|Any CPU
		{A160C033-3357-4BBB-9BF6-7B7D9971AD65}.Debug|x64.ActiveCfg = Debug|Any CPU
		{A160C033-3357-4BBB-9BF6-7B7D9971AD65}.Debug|x64.Build.0 = Debug|Any CPU
		{A160C033-3357-4BBB-9BF6-7B7D9971AD65}.Debug|x86.ActiveCfg = Debug|Any CPU
		{A160C033-3357-4BBB-9BF6-7B7D9971AD65}.Debug|x86.Build.0 = Debug|Any CPU
		{A160C033-3357-4BBB-9BF6-7B7D9971AD65}.Release|ARM64.ActiveCfg = Release|Any CPU
		{A160C033-3357-4BBB-9BF6-7B7D9971AD65}.Release|PureDotNet.ActiveCfg = Release|Any CPU
		{A160C033-3357-4BBB-9BF6-7B7D9971AD65}.Release|PureDotNet.Build.0 = Release|Any CPU
		{A160C033-3357-4BBB-9BF6-7B7D9971AD65}.Release|x64.ActiveCfg = Release|Any CPU
		{A160C033-3357-4BBB-9BF6-7B7D9971AD65}.Release|x64.Build.0 = Release|Any CPU
		{A160C033-3357-4BBB-9BF6-7B7D9971AD65}.Release|x86.ActiveCfg = Release|Any CPU
		{A160C033-3357-4BBB-9BF6-7B7D9971AD65}.Release|x86.Build.0 = Release|Any CPU
		{B8F507BF-CEEF-4833-9EED-83C36D954C06}.Debug|ARM64.ActiveCfg = Debug|arm64
		{B8F507BF-CEEF-4833-9EED-83C36D954C06}.Debug|ARM64.Build.0 = Debug|arm64
		{B8F507BF-CEEF-4833-9EED-83C36D954C06}.Debug|PureDotNet.ActiveCfg = Debug|Any CPU
		{B8F507BF-CEEF-4833-9EED-83C36D954C06}.Debug|PureDotNet.Build.0 = Debug|Any CPU
		{B8F507BF-CEEF-4833-9EED-83C36D954C06}.Debug|x64.ActiveCfg = Debug|Any CPU
		{B8F507BF-CEEF-4833-9EED-83C36D954C06}.Debug|x64.Build.0 = Debug|Any CPU
		{B8F507BF-CEEF-4833-9EED-83C36D954C06}.Debug|x86.ActiveCfg = Debug|x86
		{B8F507BF-CEEF-4833-9EED-83C36D954C06}.Debug|x86.Build.0 = Debug|x86
		{B8F507BF-CEEF-4833-9EED-83C36D954C06}.Release|ARM64.ActiveCfg = Release|arm64
		{B8F507BF-CEEF-4833-9EED-83C36D954C06}.Release|ARM64.Build.0 = Release|arm64
		{B8F507BF-CEEF-4833-9EED-83C36D954C06}.Release|PureDotNet.ActiveCfg = Release|Any CPU
		{B8F507BF-CEEF-4833-9EED-83C36D954C06}.Release|PureDotNet.Build.0 = Release|Any CPU
		{B8F507BF-CEEF-4833-9EED-83C36D954C06}.Release|x64.ActiveCfg = Release|Any CPU
		{B8F507BF-CEEF-4833-9EED-83C36D954C06}.Release|x64.Build.0 = Release|Any CPU
		{B8F507BF-CEEF-4833-9EED-83C36D954C06}.Release|x86.ActiveCfg = Release|x86
		{B8F507BF-CEEF-4833-9EED-83C36D954C06}.Release|x86.Build.0 = Release|x86
		{D0892414-F0B9-4874-AFB9-D7A86906CD2F}.Debug|ARM64.ActiveCfg = Debug|ARM64
		{D0892414-F0B9-4874-AFB9-D7A86906CD2F}.Debug|ARM64.Build.0 = Debug|ARM64
		{D0892414-F0B9-4874-AFB9-D7A86906CD2F}.Debug|PureDotNet.ActiveCfg = Debug|x64
		{D0892414-F0B9-4874-AFB9-D7A86906CD2F}.Debug|PureDotNet.Build.0 = Debug|x64
		{D0892414-F0B9-4874-AFB9-D7A86906CD2F}.Debug|x64.ActiveCfg = Debug|x64
		{D0892414-F0B9-4874-AFB9-D7A86906CD2F}.Debug|x64.Build.0 = Debug|x64
		{D0892414-F0B9-4874-AFB9-D7A86906CD2F}.Debug|x86.ActiveCfg = Debug|x86
		{D0892414-F0B9-4874-AFB9-D7A86906CD2F}.Debug|x86.Build.0 = Debug|x86
		{D0892414-F0B9-4874-AFB9-D7A86906CD2F}.Release|ARM64.ActiveCfg = Release|ARM64
		{D0892414-F0B9-4874-AFB9-D7A86906CD2F}.Release|ARM64.Build.0 = Release|ARM64
		{D0892414-F0B9-4874-AFB9-D7A86906CD2F}.Release|PureDotNet.ActiveCfg = Release|x64
		{D0892414-F0B9-4874-AFB9-D7A86906CD2F}.Release|PureDotNet.Build.0 = Release|x64
		{D0892414-F0B9-4874-AFB9-D7A86906CD2F}.Release|x64.ActiveCfg = Release|x64
		{D0892414-F0B9-4874-AFB9-D7A86906CD2F}.Release|x64.Build.0 = Release|x64
		{D0892414-F0B9-4874-AFB9-D7A86906CD2F}.Release|x86.ActiveCfg = Release|x86
		{D0892414-F0B9-4874-AFB9-D7A86906CD2F}.Release|x86.Build.0 = Release|x86
		{18E3664A-3033-4FFA-BEC3-5D8788F6535A}.Debug|ARM64.ActiveCfg = Debug|Any CPU
		{18E3664A-3033-4FFA-BEC3-5D8788F6535A}.Debug|ARM64.Build.0 = Debug|Any CPU
		{18E3664A-3033-4FFA-BEC3-5D8788F6535A}.Debug|PureDotNet.ActiveCfg = Debug|Any CPU
		{18E3664A-3033-4FFA-BEC3-5D8788F6535A}.Debug|PureDotNet.Build.0 = Debug|Any CPU
		{18E3664A-3033-4FFA-BEC3-5D8788F6535A}.Debug|x64.ActiveCfg = Debug|Any CPU
		{18E3664A-3033-4FFA-BEC3-5D8788F6535A}.Debug|x64.Build.0 = Debug|Any CPU
		{18E3664A-3033-4FFA-BEC3-5D8788F6535A}.Debug|x86.ActiveCfg = Debug|Any CPU
		{18E3664A-3033-4FFA-BEC3-5D8788F6535A}.Debug|x86.Build.0 = Debug|Any CPU
		{18E3664A-3033-4FFA-BEC3-5D8788F6535A}.Release|ARM64.ActiveCfg = Release|Any CPU
		{18E3664A-3033-4FFA-BEC3-5D8788F6535A}.Release|ARM64.Build.0 = Release|Any CPU
		{18E3664A-3033-4FFA-BEC3-5D8788F6535A}.Release|PureDotNet.ActiveCfg = Release|Any CPU
		{18E3664A-3033-4FFA-BEC3-5D8788F6535A}.Release|PureDotNet.Build.0 = Release|Any CPU
		{18E3664A-3033-4FFA-BEC3-5D8788F6535A}.Release|x64.ActiveCfg = Release|Any CPU
		{18E3664A-3033-4FFA-BEC3-5D8788F6535A}.Release|x64.Build.0 = Release|Any CPU
		{18E3664A-3033-4FFA-BEC3-5D8788F6535A}.Release|x86.ActiveCfg = Release|Any CPU
		{18E3664A-3033-4FFA-BEC3-5D8788F6535A}.Release|x86.Build.0 = Release|Any CPU
		{670BBBC3-180F-4B1A-AA7B-DE3F1739B1A2}.Debug|ARM64.ActiveCfg = Debug|Any CPU
		{670BBBC3-180F-4B1A-AA7B-DE3F1739B1A2}.Debug|ARM64.Build.0 = Debug|Any CPU
		{670BBBC3-180F-4B1A-AA7B-DE3F1739B1A2}.Debug|PureDotNet.ActiveCfg = Debug|Any CPU
		{670BBBC3-180F-4B1A-AA7B-DE3F1739B1A2}.Debug|PureDotNet.Build.0 = Debug|Any CPU
		{670BBBC3-180F-4B1A-AA7B-DE3F1739B1A2}.Debug|x64.ActiveCfg = Debug|Any CPU
		{670BBBC3-180F-4B1A-AA7B-DE3F1739B1A2}.Debug|x64.Build.0 = Debug|Any CPU
		{670BBBC3-180F-4B1A-AA7B-DE3F1739B1A2}.Debug|x86.ActiveCfg = Debug|Any CPU
		{670BBBC3-180F-4B1A-AA7B-DE3F1739B1A2}.Debug|x86.Build.0 = Debug|Any CPU
		{670BBBC3-180F-4B1A-AA7B-DE3F1739B1A2}.Release|ARM64.ActiveCfg = Release|Any CPU
		{670BBBC3-180F-4B1A-AA7B-DE3F1739B1A2}.Release|ARM64.Build.0 = Release|Any CPU
		{670BBBC3-180F-4B1A-AA7B-DE3F1739B1A2}.Release|PureDotNet.ActiveCfg = Release|Any CPU
		{670BBBC3-180F-4B1A-AA7B-DE3F1739B1A2}.Release|PureDotNet.Build.0 = Release|Any CPU
		{670BBBC3-180F-4B1A-AA7B-DE3F1739B1A2}.Release|x64.ActiveCfg = Release|Any CPU
		{670BBBC3-180F-4B1A-AA7B-DE3F1739B1A2}.Release|x64.Build.0 = Release|Any CPU
		{670BBBC3-180F-4B1A-AA7B-DE3F1739B1A2}.Release|x86.ActiveCfg = Release|Any CPU
		{670BBBC3-180F-4B1A-AA7B-DE3F1739B1A2}.Release|x86.Build.0 = Release|Any CPU
		{3EA82DD0-C3AC-43F9-BA08-A9D46E1B3CB9}.Debug|ARM64.ActiveCfg = Debug|Any CPU
		{3EA82DD0-C3AC-43F9-BA08-A9D46E1B3CB9}.Debug|ARM64.Build.0 = Debug|Any CPU
		{3EA82DD0-C3AC-43F9-BA08-A9D46E1B3CB9}.Debug|PureDotNet.ActiveCfg = Debug|Any CPU
		{3EA82DD0-C3AC-43F9-BA08-A9D46E1B3CB9}.Debug|PureDotNet.Build.0 = Debug|Any CPU
		{3EA82DD0-C3AC-43F9-BA08-A9D46E1B3CB9}.Debug|x64.ActiveCfg = Debug|Any CPU
		{3EA82DD0-C3AC-43F9-BA08-A9D46E1B3CB9}.Debug|x64.Build.0 = Debug|Any CPU
		{3EA82DD0-C3AC-43F9-BA08-A9D46E1B3CB9}.Debug|x86.ActiveCfg = Debug|Any CPU
		{3EA82DD0-C3AC-43F9-BA08-A9D46E1B3CB9}.Debug|x86.Build.0 = Debug|Any CPU
		{3EA82DD0-C3AC-43F9-BA08-A9D46E1B3CB9}.Release|ARM64.ActiveCfg = Release|Any CPU
		{3EA82DD0-C3AC-43F9-BA08-A9D46E1B3CB9}.Release|ARM64.Build.0 = Release|Any CPU
		{3EA82DD0-C3AC-43F9-BA08-A9D46E1B3CB9}.Release|PureDotNet.ActiveCfg = Release|Any CPU
		{3EA82DD0-C3AC-43F9-BA08-A9D46E1B3CB9}.Release|PureDotNet.Build.0 = Release|Any CPU
		{3EA82DD0-C3AC-43F9-BA08-A9D46E1B3CB9}.Release|x64.ActiveCfg = Release|Any CPU
		{3EA82DD0-C3AC-43F9-BA08-A9D46E1B3CB9}.Release|x64.Build.0 = Release|Any CPU
		{3EA82DD0-C3AC-43F9-BA08-A9D46E1B3CB9}.Release|x86.ActiveCfg = Release|Any CPU
		{3EA82DD0-C3AC-43F9-BA08-A9D46E1B3CB9}.Release|x86.Build.0 = Release|Any CPU
		{B4CC666F-6528-47AB-890A-4A58B027CE1F}.Debug|ARM64.ActiveCfg = Debug|arm64
		{B4CC666F-6528-47AB-890A-4A58B027CE1F}.Debug|ARM64.Build.0 = Debug|arm64
		{B4CC666F-6528-47AB-890A-4A58B027CE1F}.Debug|PureDotNet.ActiveCfg = Debug|Any CPU
		{B4CC666F-6528-47AB-890A-4A58B027CE1F}.Debug|PureDotNet.Build.0 = Debug|Any CPU
		{B4CC666F-6528-47AB-890A-4A58B027CE1F}.Debug|x64.ActiveCfg = Debug|Any CPU
		{B4CC666F-6528-47AB-890A-4A58B027CE1F}.Debug|x64.Build.0 = Debug|Any CPU
		{B4CC666F-6528-47AB-890A-4A58B027CE1F}.Debug|x86.ActiveCfg = Debug|x86
		{B4CC666F-6528-47AB-890A-4A58B027CE1F}.Debug|x86.Build.0 = Debug|x86
		{B4CC666F-6528-47AB-890A-4A58B027CE1F}.Release|ARM64.ActiveCfg = Release|arm64
		{B4CC666F-6528-47AB-890A-4A58B027CE1F}.Release|ARM64.Build.0 = Release|arm64
		{B4CC666F-6528-47AB-890A-4A58B027CE1F}.Release|PureDotNet.ActiveCfg = Release|Any CPU
		{B4CC666F-6528-47AB-890A-4A58B027CE1F}.Release|PureDotNet.Build.0 = Release|Any CPU
		{B4CC666F-6528-47AB-890A-4A58B027CE1F}.Release|x64.ActiveCfg = Release|Any CPU
		{B4CC666F-6528-47AB-890A-4A58B027CE1F}.Release|x64.Build.0 = Release|Any CPU
		{B4CC666F-6528-47AB-890A-4A58B027CE1F}.Release|x86.ActiveCfg = Release|x86
		{B4CC666F-6528-47AB-890A-4A58B027CE1F}.Release|x86.Build.0 = Release|x86
		{67A9E852-9646-4AF7-B211-72C06AEAE313}.Debug|ARM64.ActiveCfg = Debug|Any CPU
		{67A9E852-9646-4AF7-B211-72C06AEAE313}.Debug|ARM64.Build.0 = Debug|Any CPU
		{67A9E852-9646-4AF7-B211-72C06AEAE313}.Debug|PureDotNet.ActiveCfg = Debug|Any CPU
		{67A9E852-9646-4AF7-B211-72C06AEAE313}.Debug|PureDotNet.Build.0 = Debug|Any CPU
		{67A9E852-9646-4AF7-B211-72C06AEAE313}.Debug|x64.ActiveCfg = Debug|Any CPU
		{67A9E852-9646-4AF7-B211-72C06AEAE313}.Debug|x64.Build.0 = Debug|Any CPU
		{67A9E852-9646-4AF7-B211-72C06AEAE313}.Debug|x86.ActiveCfg = Debug|Any CPU
		{67A9E852-9646-4AF7-B211-72C06AEAE313}.Debug|x86.Build.0 = Debug|Any CPU
		{67A9E852-9646-4AF7-B211-72C06AEAE313}.Release|ARM64.ActiveCfg = Release|Any CPU
		{67A9E852-9646-4AF7-B211-72C06AEAE313}.Release|ARM64.Build.0 = Release|Any CPU
		{67A9E852-9646-4AF7-B211-72C06AEAE313}.Release|PureDotNet.ActiveCfg = Release|Any CPU
		{67A9E852-9646-4AF7-B211-72C06AEAE313}.Release|PureDotNet.Build.0 = Release|Any CPU
		{67A9E852-9646-4AF7-B211-72C06AEAE313}.Release|x64.ActiveCfg = Release|Any CPU
		{67A9E852-9646-4AF7-B211-72C06AEAE313}.Release|x64.Build.0 = Release|Any CPU
		{67A9E852-9646-4AF7-B211-72C06AEAE313}.Release|x86.ActiveCfg = Release|Any CPU
		{67A9E852-9646-4AF7-B211-72C06AEAE313}.Release|x86.Build.0 = Release|Any CPU
		{0490C826-214E-8FF1-CC18-85ECC37A3691}.Debug|ARM64.ActiveCfg = Debug|Any CPU
		{0490C826-214E-8FF1-CC18-85ECC37A3691}.Debug|ARM64.Build.0 = Debug|Any CPU
		{0490C826-214E-8FF1-CC18-85ECC37A3691}.Debug|PureDotNet.ActiveCfg = Debug|Any CPU
		{0490C826-214E-8FF1-CC18-85ECC37A3691}.Debug|PureDotNet.Build.0 = Debug|Any CPU
		{0490C826-214E-8FF1-CC18-85ECC37A3691}.Debug|x64.ActiveCfg = Debug|Any CPU
		{0490C826-214E-8FF1-CC18-85ECC37A3691}.Debug|x64.Build.0 = Debug|Any CPU
		{0490C826-214E-8FF1-CC18-85ECC37A3691}.Debug|x86.ActiveCfg = Debug|Any CPU
		{0490C826-214E-8FF1-CC18-85ECC37A3691}.Debug|x86.Build.0 = Debug|Any CPU
		{0490C826-214E-8FF1-CC18-85ECC37A3691}.Release|ARM64.ActiveCfg = Release|Any CPU
		{0490C826-214E-8FF1-CC18-85ECC37A3691}.Release|ARM64.Build.0 = Release|Any CPU
		{0490C826-214E-8FF1-CC18-85ECC37A3691}.Release|PureDotNet.ActiveCfg = Release|Any CPU
		{0490C826-214E-8FF1-CC18-85ECC37A3691}.Release|PureDotNet.Build.0 = Release|Any CPU
		{0490C826-214E-8FF1-CC18-85ECC37A3691}.Release|x64.ActiveCfg = Release|Any CPU
		{0490C826-214E-8FF1-CC18-85ECC37A3691}.Release|x64.Build.0 = Release|Any CPU
		{0490C826-214E-8FF1-CC18-85ECC37A3691}.Release|x86.ActiveCfg = Release|Any CPU
		{0490C826-214E-8FF1-CC18-85ECC37A3691}.Release|x86.Build.0 = Release|Any CPU
		{E4536922-0831-D8FA-673B-223657C2C41F}.Debug|ARM64.ActiveCfg = Debug|ARM64
		{E4536922-0831-D8FA-673B-223657C2C41F}.Debug|ARM64.Build.0 = Debug|ARM64
		{E4536922-0831-D8FA-673B-223657C2C41F}.Debug|PureDotNet.ActiveCfg = Debug|x64
		{E4536922-0831-D8FA-673B-223657C2C41F}.Debug|PureDotNet.Build.0 = Debug|x64
		{E4536922-0831-D8FA-673B-223657C2C41F}.Debug|x64.ActiveCfg = Debug|x64
		{E4536922-0831-D8FA-673B-223657C2C41F}.Debug|x64.Build.0 = Debug|x64
		{E4536922-0831-D8FA-673B-223657C2C41F}.Debug|x86.ActiveCfg = Debug|x86
		{E4536922-0831-D8FA-673B-223657C2C41F}.Debug|x86.Build.0 = Debug|x86
		{E4536922-0831-D8FA-673B-223657C2C41F}.Release|ARM64.ActiveCfg = Release|ARM64
		{E4536922-0831-D8FA-673B-223657C2C41F}.Release|ARM64.Build.0 = Release|ARM64
		{E4536922-0831-D8FA-673B-223657C2C41F}.Release|PureDotNet.ActiveCfg = Release|x64
		{E4536922-0831-D8FA-673B-223657C2C41F}.Release|PureDotNet.Build.0 = Release|x64
		{E4536922-0831-D8FA-673B-223657C2C41F}.Release|x64.ActiveCfg = Release|x64
		{E4536922-0831-D8FA-673B-223657C2C41F}.Release|x64.Build.0 = Release|x64
		{E4536922-0831-D8FA-673B-223657C2C41F}.Release|x86.ActiveCfg = Release|x86
		{E4536922-0831-D8FA-673B-223657C2C41F}.Release|x86.Build.0 = Release|x86
	EndGlobalSection
	GlobalSection(SolutionProperties) = preSolution
		HideSolutionNode = FALSE
	EndGlobalSection
	GlobalSection(ExtensibilityGlobals) = postSolution
		SolutionGuid = {37C2E476-2711-4476-8B03-F1FB68C9C9C3}
	EndGlobalSection
EndGlobal
